
Microsoft Visual Studio Solution File, Format Version 12.00
# Visual Studio Version 16
VisualStudioVersion = 16.0.30413.136
MinimumVisualStudioVersion = 10.0.40219.1
Project("{2150E333-8FDC-42A3-9474-1A3956D46DE8}") = "1 - Presentation", "1 - Presentation", "{3E401632-9FB2-412B-8996-1140EE83E452}"
EndProject
Project("{9A19103F-16F7-4668-BE54-9A1E7A4F7556}") = "WevoTest.UI.Web", "WevoTest.UI.Web\WevoTest.UI.Web.csproj", "{66765BE3-45A8-4E5A-9775-51E0DABA5AE3}"
EndProject
Project("{2150E333-8FDC-42A3-9474-1A3956D46DE8}") = "2 - Services", "2 - Services", "{985EB003-B31F-4B6E-8C04-569E93422966}"
EndProject
Project("{2150E333-8FDC-42A3-9474-1A3956D46DE8}") = "3 - Application", "3 - Application", "{A2D793A8-1B44-47BE-9E38-73EB31173A0D}"
EndProject
Project("{2150E333-8FDC-42A3-9474-1A3956D46DE8}") = "4 - Domain", "4 - Domain", "{C1F788A0-6CEB-4407-9F0B-C7136F60A403}"
EndProject
Project("{2150E333-8FDC-42A3-9474-1A3956D46DE8}") = "5 - Infra", "5 - Infra", "{5C2A1C7E-A928-41D6-9BF3-AB297DAB0AA8}"
EndProject
Project("{9A19103F-16F7-4668-BE54-9A1E7A4F7556}") = "WevoTest.Application", "WevoTest.Application\WevoTest.Application.csproj", "{B00E20FB-19C4-445B-A2AF-D31A3E6E35A6}"
EndProject
Project("{9A19103F-16F7-4668-BE54-9A1E7A4F7556}") = "WevoTest.Domain", "WevoTest.Domain\WevoTest.Domain.csproj", "{60CECF64-A551-4485-A6FC-2C8C26F50CAA}"
EndProject
Project("{2150E333-8FDC-42A3-9474-1A3956D46DE8}") = "5.1 - Data", "5.1 - Data", "{7E4F82E1-15C1-442B-BEFD-7833801D95A5}"
EndProject
Project("{2150E333-8FDC-42A3-9474-1A3956D46DE8}") = "5.2 - CrossCutting", "5.2 - CrossCutting", "{E1A8B0DD-C33A-4315-ABF5-F4227B666B9E}"
EndProject
Project("{9A19103F-16F7-4668-BE54-9A1E7A4F7556}") = "WevoTest.Infra.Data", "WevoTest.Infra.Data\WevoTest.Infra.Data.csproj", "{CC1ECBA2-D8D6-4DFA-BA19-11F84F18F8B9}"
EndProject
Project("{9A19103F-16F7-4668-BE54-9A1E7A4F7556}") = "WevoTest.Infra.CrossCutting.IoC", "WevoTest.Infra.CrossCutting.IoC\WevoTest.Infra.CrossCutting.IoC.csproj", "{54FE00FE-9D36-40B0-8D2D-D43038440EA4}"
EndProject
Project("{9A19103F-16F7-4668-BE54-9A1E7A4F7556}") = "WevoTest.Services.WebApi", "WevoTest.Services.WebApi\WevoTest.Services.WebApi.csproj", "{342BF1C7-B7D5-471E-B07A-E67ECCE453A9}"
EndProject
Project("{2150E333-8FDC-42A3-9474-1A3956D46DE8}") = "6 - Tests", "6 - Tests", "{0078A549-0870-4FCC-976F-34B363EC6D08}"
EndProject
Project("{FAE04EC0-301F-11D3-BF4B-00C04F79EFBC}") = "WevoTest.Tests", "WevoTest.Tests\WevoTest.Tests.csproj", "{0B2B4C0B-2165-4409-B1C5-E192FBC0C9C8}"
EndProject
Global
	GlobalSection(SolutionConfigurationPlatforms) = preSolution
		Debug|Any CPU = Debug|Any CPU
		Release|Any CPU = Release|Any CPU
	EndGlobalSection
	GlobalSection(ProjectConfigurationPlatforms) = postSolution
		{66765BE3-45A8-4E5A-9775-51E0DABA5AE3}.Debug|Any CPU.ActiveCfg = Debug|Any CPU
		{66765BE3-45A8-4E5A-9775-51E0DABA5AE3}.Debug|Any CPU.Build.0 = Debug|Any CPU
		{66765BE3-45A8-4E5A-9775-51E0DABA5AE3}.Release|Any CPU.ActiveCfg = Release|Any CPU
		{66765BE3-45A8-4E5A-9775-51E0DABA5AE3}.Release|Any CPU.Build.0 = Release|Any CPU
		{B00E20FB-19C4-445B-A2AF-D31A3E6E35A6}.Debug|Any CPU.ActiveCfg = Debug|Any CPU
		{B00E20FB-19C4-445B-A2AF-D31A3E6E35A6}.Debug|Any CPU.Build.0 = Debug|Any CPU
		{B00E20FB-19C4-445B-A2AF-D31A3E6E35A6}.Release|Any CPU.ActiveCfg = Release|Any CPU
		{B00E20FB-19C4-445B-A2AF-D31A3E6E35A6}.Release|Any CPU.Build.0 = Release|Any CPU
		{60CECF64-A551-4485-A6FC-2C8C26F50CAA}.Debug|Any CPU.ActiveCfg = Debug|Any CPU
		{60CECF64-A551-4485-A6FC-2C8C26F50CAA}.Debug|Any CPU.Build.0 = Debug|Any CPU
		{60CECF64-A551-4485-A6FC-2C8C26F50CAA}.Release|Any CPU.ActiveCfg = Release|Any CPU
		{60CECF64-A551-4485-A6FC-2C8C26F50CAA}.Release|Any CPU.Build.0 = Release|Any CPU
		{CC1ECBA2-D8D6-4DFA-BA19-11F84F18F8B9}.Debug|Any CPU.ActiveCfg = Debug|Any CPU
		{CC1ECBA2-D8D6-4DFA-BA19-11F84F18F8B9}.Debug|Any CPU.Build.0 = Debug|Any CPU
		{CC1ECBA2-D8D6-4DFA-BA19-11F84F18F8B9}.Release|Any CPU.ActiveCfg = Release|Any CPU
		{CC1ECBA2-D8D6-4DFA-BA19-11F84F18F8B9}.Release|Any CPU.Build.0 = Release|Any CPU
		{54FE00FE-9D36-40B0-8D2D-D43038440EA4}.Debug|Any CPU.ActiveCfg = Debug|Any CPU
		{54FE00FE-9D36-40B0-8D2D-D43038440EA4}.Debug|Any CPU.Build.0 = Debug|Any CPU
		{54FE00FE-9D36-40B0-8D2D-D43038440EA4}.Release|Any CPU.ActiveCfg = Release|Any CPU
		{54FE00FE-9D36-40B0-8D2D-D43038440EA4}.Release|Any CPU.Build.0 = Release|Any CPU
		{342BF1C7-B7D5-471E-B07A-E67ECCE453A9}.Debug|Any CPU.ActiveCfg = Debug|Any CPU
		{342BF1C7-B7D5-471E-B07A-E67ECCE453A9}.Debug|Any CPU.Build.0 = Debug|Any CPU
		{342BF1C7-B7D5-471E-B07A-E67ECCE453A9}.Release|Any CPU.ActiveCfg = Release|Any CPU
		{342BF1C7-B7D5-471E-B07A-E67ECCE453A9}.Release|Any CPU.Build.0 = Release|Any CPU
		{0B2B4C0B-2165-4409-B1C5-E192FBC0C9C8}.Debug|Any CPU.ActiveCfg = Debug|Any CPU
		{0B2B4C0B-2165-4409-B1C5-E192FBC0C9C8}.Debug|Any CPU.Build.0 = Debug|Any CPU
		{0B2B4C0B-2165-4409-B1C5-E192FBC0C9C8}.Release|Any CPU.ActiveCfg = Release|Any CPU
		{0B2B4C0B-2165-4409-B1C5-E192FBC0C9C8}.Release|Any CPU.Build.0 = Release|Any CPU
	EndGlobalSection
	GlobalSection(SolutionProperties) = preSolution
		HideSolutionNode = FALSE
	EndGlobalSection
	GlobalSection(NestedProjects) = preSolution
		{66765BE3-45A8-4E5A-9775-51E0DABA5AE3} = {3E401632-9FB2-412B-8996-1140EE83E452}
		{B00E20FB-19C4-445B-A2AF-D31A3E6E35A6} = {A2D793A8-1B44-47BE-9E38-73EB31173A0D}
		{60CECF64-A551-4485-A6FC-2C8C26F50CAA} = {C1F788A0-6CEB-4407-9F0B-C7136F60A403}
		{7E4F82E1-15C1-442B-BEFD-7833801D95A5} = {5C2A1C7E-A928-41D6-9BF3-AB297DAB0AA8}
		{E1A8B0DD-C33A-4315-ABF5-F4227B666B9E} = {5C2A1C7E-A928-41D6-9BF3-AB297DAB0AA8}
		{CC1ECBA2-D8D6-4DFA-BA19-11F84F18F8B9} = {7E4F82E1-15C1-442B-BEFD-7833801D95A5}
		{54FE00FE-9D36-40B0-8D2D-D43038440EA4} = {E1A8B0DD-C33A-4315-ABF5-F4227B666B9E}
		{342BF1C7-B7D5-471E-B07A-E67ECCE453A9} = {985EB003-B31F-4B6E-8C04-569E93422966}
		{0B2B4C0B-2165-4409-B1C5-E192FBC0C9C8} = {0078A549-0870-4FCC-976F-34B363EC6D08}
	EndGlobalSection
	GlobalSection(ExtensibilityGlobals) = postSolution
		SolutionGuid = {8C4C4D32-9A91-49AE-98BD-5EA0D14362AC}
	EndGlobalSection
EndGlobal
